// !$*UTF8*$!
{
	archiveVersion = 1;
	classes = {
	};
	objectVersion = 56;
	objects = {

/* Begin PBXBuildFile section */
		041178912CA39A9F00D3D9A6 /* AppDelegate.swift in Sources */ = {isa = PBXBuildFile; fileRef = 041178902CA39A9F00D3D9A6 /* AppDelegate.swift */; };
		041178932CA39A9F00D3D9A6 /* SceneDelegate.swift in Sources */ = {isa = PBXBuildFile; fileRef = 041178922CA39A9F00D3D9A6 /* SceneDelegate.swift */; };
		041178952CA39A9F00D3D9A6 /* ViewController.swift in Sources */ = {isa = PBXBuildFile; fileRef = 041178942CA39A9F00D3D9A6 /* ViewController.swift */; };
		041178982CA39A9F00D3D9A6 /* Main.storyboard in Resources */ = {isa = PBXBuildFile; fileRef = 041178962CA39A9F00D3D9A6 /* Main.storyboard */; };
		0411789B2CA39A9F00D3D9A6 /* NewsApp.xcdatamodeld in Sources */ = {isa = PBXBuildFile; fileRef = 041178992CA39A9F00D3D9A6 /* NewsApp.xcdatamodeld */; };
		0411789D2CA39AA200D3D9A6 /* Assets.xcassets in Resources */ = {isa = PBXBuildFile; fileRef = 0411789C2CA39AA200D3D9A6 /* Assets.xcassets */; };
		041178A02CA39AA200D3D9A6 /* LaunchScreen.storyboard in Resources */ = {isa = PBXBuildFile; fileRef = 0411789E2CA39AA200D3D9A6 /* LaunchScreen.storyboard */; };
		041178AB2CA39AA200D3D9A6 /* NewsAppTests.swift in Sources */ = {isa = PBXBuildFile; fileRef = 041178AA2CA39AA200D3D9A6 /* NewsAppTests.swift */; };
		041178B52CA39AA200D3D9A6 /* NewsAppUITests.swift in Sources */ = {isa = PBXBuildFile; fileRef = 041178B42CA39AA200D3D9A6 /* NewsAppUITests.swift */; };
		041178B72CA39AA200D3D9A6 /* NewsAppUITestsLaunchTests.swift in Sources */ = {isa = PBXBuildFile; fileRef = 041178B62CA39AA200D3D9A6 /* NewsAppUITestsLaunchTests.swift */; };
		041178C82CA39B8D00D3D9A6 /* ErrorManager.swift in Sources */ = {isa = PBXBuildFile; fileRef = 041178C72CA39B8D00D3D9A6 /* ErrorManager.swift */; };
		041178CA2CA39B9600D3D9A6 /* APIManager.swift in Sources */ = {isa = PBXBuildFile; fileRef = 041178C92CA39B9600D3D9A6 /* APIManager.swift */; };
		041178CC2CA39E6A00D3D9A6 /* ResponseErrorModel.swift in Sources */ = {isa = PBXBuildFile; fileRef = 041178CB2CA39E6A00D3D9A6 /* ResponseErrorModel.swift */; };
		041178CE2CA39EBA00D3D9A6 /* HttpMethod.swift in Sources */ = {isa = PBXBuildFile; fileRef = 041178CD2CA39EBA00D3D9A6 /* HttpMethod.swift */; };
		041178D52CA3A09200D3D9A6 /* TopHeadlineCollectionViewCell.swift in Sources */ = {isa = PBXBuildFile; fileRef = 041178D32CA3A09200D3D9A6 /* TopHeadlineCollectionViewCell.swift */; };
		041178D62CA3A09200D3D9A6 /* TopHeadlineCollectionViewCell.xib in Resources */ = {isa = PBXBuildFile; fileRef = 041178D42CA3A09200D3D9A6 /* TopHeadlineCollectionViewCell.xib */; };
		041178D92CA3AA7000D3D9A6 /* HomeViewController.swift in Sources */ = {isa = PBXBuildFile; fileRef = 041178D72CA3AA7000D3D9A6 /* HomeViewController.swift */; };
		041178DA2CA3AA7000D3D9A6 /* HomeViewController.xib in Resources */ = {isa = PBXBuildFile; fileRef = 041178D82CA3AA7000D3D9A6 /* HomeViewController.xib */; };
		041178DC2CA3AAE800D3D9A6 /* NewsCategory.swift in Sources */ = {isa = PBXBuildFile; fileRef = 041178DB2CA3AAE800D3D9A6 /* NewsCategory.swift */; };
		041178DE2CA3AB6600D3D9A6 /* HomeViewModel.swift in Sources */ = {isa = PBXBuildFile; fileRef = 041178DD2CA3AB6600D3D9A6 /* HomeViewModel.swift */; };
		041178E02CA3AC1600D3D9A6 /* NewsItemModel.swift in Sources */ = {isa = PBXBuildFile; fileRef = 041178DF2CA3AC1600D3D9A6 /* NewsItemModel.swift */; };
		041178E22CA3AFD500D3D9A6 /* NewsSourceModel.swift in Sources */ = {isa = PBXBuildFile; fileRef = 041178E12CA3AFD500D3D9A6 /* NewsSourceModel.swift */; };
		041178E52CA3B06300D3D9A6 /* SourcesViewController.swift in Sources */ = {isa = PBXBuildFile; fileRef = 041178E32CA3B06300D3D9A6 /* SourcesViewController.swift */; };
		041178E62CA3B06300D3D9A6 /* SourcesViewController.xib in Resources */ = {isa = PBXBuildFile; fileRef = 041178E42CA3B06300D3D9A6 /* SourcesViewController.xib */; };
		041178E92CA3B2A500D3D9A6 /* SourceTableViewCell.swift in Sources */ = {isa = PBXBuildFile; fileRef = 041178E72CA3B2A500D3D9A6 /* SourceTableViewCell.swift */; };
		041178EA2CA3B2A500D3D9A6 /* SourceTableViewCell.xib in Resources */ = {isa = PBXBuildFile; fileRef = 041178E82CA3B2A500D3D9A6 /* SourceTableViewCell.xib */; };
		041178ED2CA3B4AE00D3D9A6 /* CategoryCollectionViewCell.swift in Sources */ = {isa = PBXBuildFile; fileRef = 041178EB2CA3B4AE00D3D9A6 /* CategoryCollectionViewCell.swift */; };
		041178EE2CA3B4AE00D3D9A6 /* CategoryCollectionViewCell.xib in Resources */ = {isa = PBXBuildFile; fileRef = 041178EC2CA3B4AE00D3D9A6 /* CategoryCollectionViewCell.xib */; };
		041178F02CA3BD8000D3D9A6 /* SourceViewModel.swift in Sources */ = {isa = PBXBuildFile; fileRef = 041178EF2CA3BD8000D3D9A6 /* SourceViewModel.swift */; };
		041178F32CA3C35700D3D9A6 /* ArticlesViewController.swift in Sources */ = {isa = PBXBuildFile; fileRef = 041178F12CA3C35700D3D9A6 /* ArticlesViewController.swift */; };
		041178F42CA3C35700D3D9A6 /* ArticlesViewController.xib in Resources */ = {isa = PBXBuildFile; fileRef = 041178F22CA3C35700D3D9A6 /* ArticlesViewController.xib */; };
		041178F62CA3C38700D3D9A6 /* ArticleViewModel.swift in Sources */ = {isa = PBXBuildFile; fileRef = 041178F52CA3C38700D3D9A6 /* ArticleViewModel.swift */; };
		041178F92CA3C56600D3D9A6 /* ArticleTableViewCell.swift in Sources */ = {isa = PBXBuildFile; fileRef = 041178F72CA3C56600D3D9A6 /* ArticleTableViewCell.swift */; };
		041178FA2CA3C56600D3D9A6 /* ArticleTableViewCell.xib in Resources */ = {isa = PBXBuildFile; fileRef = 041178F82CA3C56600D3D9A6 /* ArticleTableViewCell.xib */; };
		4B4CE15F8298D70823ACD3B0 /* Pods_NewsAppTests.framework in Frameworks */ = {isa = PBXBuildFile; fileRef = A86DB60C47DCEB466455B7A3 /* Pods_NewsAppTests.framework */; };
		DB112B81713D9FACABCD0B6A /* Pods_NewsApp_NewsAppUITests.framework in Frameworks */ = {isa = PBXBuildFile; fileRef = 59A03A8C0F2437AC78B1511D /* Pods_NewsApp_NewsAppUITests.framework */; };
		FAF42783C176BBDB7CCD1EE6 /* Pods_NewsApp.framework in Frameworks */ = {isa = PBXBuildFile; fileRef = E9989D042DCF946B17B5D8E6 /* Pods_NewsApp.framework */; };
/* End PBXBuildFile section */

/* Begin PBXContainerItemProxy section */
		041178A72CA39AA200D3D9A6 /* PBXContainerItemProxy */ = {
			isa = PBXContainerItemProxy;
			containerPortal = 041178852CA39A9F00D3D9A6 /* Project object */;
			proxyType = 1;
			remoteGlobalIDString = 0411788C2CA39A9F00D3D9A6;
			remoteInfo = NewsApp;
		};
		041178B12CA39AA200D3D9A6 /* PBXContainerItemProxy */ = {
			isa = PBXContainerItemProxy;
			containerPortal = 041178852CA39A9F00D3D9A6 /* Project object */;
			proxyType = 1;
			remoteGlobalIDString = 0411788C2CA39A9F00D3D9A6;
			remoteInfo = NewsApp;
		};
/* End PBXContainerItemProxy section */

/* Begin PBXFileReference section */
		0411788D2CA39A9F00D3D9A6 /* NewsApp.app */ = {isa = PBXFileReference; explicitFileType = wrapper.application; includeInIndex = 0; path = NewsApp.app; sourceTree = BUILT_PRODUCTS_DIR; };
		041178902CA39A9F00D3D9A6 /* AppDelegate.swift */ = {isa = PBXFileReference; lastKnownFileType = sourcecode.swift; path = AppDelegate.swift; sourceTree = "<group>"; };
		041178922CA39A9F00D3D9A6 /* SceneDelegate.swift */ = {isa = PBXFileReference; lastKnownFileType = sourcecode.swift; path = SceneDelegate.swift; sourceTree = "<group>"; };
		041178942CA39A9F00D3D9A6 /* ViewController.swift */ = {isa = PBXFileReference; lastKnownFileType = sourcecode.swift; path = ViewController.swift; sourceTree = "<group>"; };
		041178972CA39A9F00D3D9A6 /* Base */ = {isa = PBXFileReference; lastKnownFileType = file.storyboard; name = Base; path = Base.lproj/Main.storyboard; sourceTree = "<group>"; };
		0411789A2CA39A9F00D3D9A6 /* NewsApp.xcdatamodel */ = {isa = PBXFileReference; lastKnownFileType = wrapper.xcdatamodel; path = NewsApp.xcdatamodel; sourceTree = "<group>"; };
		0411789C2CA39AA200D3D9A6 /* Assets.xcassets */ = {isa = PBXFileReference; lastKnownFileType = folder.assetcatalog; path = Assets.xcassets; sourceTree = "<group>"; };
		0411789F2CA39AA200D3D9A6 /* Base */ = {isa = PBXFileReference; lastKnownFileType = file.storyboard; name = Base; path = Base.lproj/LaunchScreen.storyboard; sourceTree = "<group>"; };
		041178A12CA39AA200D3D9A6 /* Info.plist */ = {isa = PBXFileReference; lastKnownFileType = text.plist.xml; path = Info.plist; sourceTree = "<group>"; };
		041178A62CA39AA200D3D9A6 /* NewsAppTests.xctest */ = {isa = PBXFileReference; explicitFileType = wrapper.cfbundle; includeInIndex = 0; path = NewsAppTests.xctest; sourceTree = BUILT_PRODUCTS_DIR; };
		041178AA2CA39AA200D3D9A6 /* NewsAppTests.swift */ = {isa = PBXFileReference; lastKnownFileType = sourcecode.swift; path = NewsAppTests.swift; sourceTree = "<group>"; };
		041178B02CA39AA200D3D9A6 /* NewsAppUITests.xctest */ = {isa = PBXFileReference; explicitFileType = wrapper.cfbundle; includeInIndex = 0; path = NewsAppUITests.xctest; sourceTree = BUILT_PRODUCTS_DIR; };
		041178B42CA39AA200D3D9A6 /* NewsAppUITests.swift */ = {isa = PBXFileReference; lastKnownFileType = sourcecode.swift; path = NewsAppUITests.swift; sourceTree = "<group>"; };
		041178B62CA39AA200D3D9A6 /* NewsAppUITestsLaunchTests.swift */ = {isa = PBXFileReference; lastKnownFileType = sourcecode.swift; path = NewsAppUITestsLaunchTests.swift; sourceTree = "<group>"; };
		041178C72CA39B8D00D3D9A6 /* ErrorManager.swift */ = {isa = PBXFileReference; lastKnownFileType = sourcecode.swift; path = ErrorManager.swift; sourceTree = "<group>"; };
		041178C92CA39B9600D3D9A6 /* APIManager.swift */ = {isa = PBXFileReference; lastKnownFileType = sourcecode.swift; path = APIManager.swift; sourceTree = "<group>"; };
		041178CB2CA39E6A00D3D9A6 /* ResponseErrorModel.swift */ = {isa = PBXFileReference; lastKnownFileType = sourcecode.swift; path = ResponseErrorModel.swift; sourceTree = "<group>"; };
		041178CD2CA39EBA00D3D9A6 /* HttpMethod.swift */ = {isa = PBXFileReference; lastKnownFileType = sourcecode.swift; path = HttpMethod.swift; sourceTree = "<group>"; };
		041178D32CA3A09200D3D9A6 /* TopHeadlineCollectionViewCell.swift */ = {isa = PBXFileReference; lastKnownFileType = sourcecode.swift; path = TopHeadlineCollectionViewCell.swift; sourceTree = "<group>"; };
		041178D42CA3A09200D3D9A6 /* TopHeadlineCollectionViewCell.xib */ = {isa = PBXFileReference; lastKnownFileType = file.xib; path = TopHeadlineCollectionViewCell.xib; sourceTree = "<group>"; };
		041178D72CA3AA7000D3D9A6 /* HomeViewController.swift */ = {isa = PBXFileReference; lastKnownFileType = sourcecode.swift; path = HomeViewController.swift; sourceTree = "<group>"; };
		041178D82CA3AA7000D3D9A6 /* HomeViewController.xib */ = {isa = PBXFileReference; lastKnownFileType = file.xib; path = HomeViewController.xib; sourceTree = "<group>"; };
		041178DB2CA3AAE800D3D9A6 /* NewsCategory.swift */ = {isa = PBXFileReference; lastKnownFileType = sourcecode.swift; path = NewsCategory.swift; sourceTree = "<group>"; };
		041178DD2CA3AB6600D3D9A6 /* HomeViewModel.swift */ = {isa = PBXFileReference; lastKnownFileType = sourcecode.swift; path = HomeViewModel.swift; sourceTree = "<group>"; };
		041178DF2CA3AC1600D3D9A6 /* NewsItemModel.swift */ = {isa = PBXFileReference; lastKnownFileType = sourcecode.swift; path = NewsItemModel.swift; sourceTree = "<group>"; };
		041178E12CA3AFD500D3D9A6 /* NewsSourceModel.swift */ = {isa = PBXFileReference; lastKnownFileType = sourcecode.swift; path = NewsSourceModel.swift; sourceTree = "<group>"; };
		041178E32CA3B06300D3D9A6 /* SourcesViewController.swift */ = {isa = PBXFileReference; lastKnownFileType = sourcecode.swift; path = SourcesViewController.swift; sourceTree = "<group>"; };
		041178E42CA3B06300D3D9A6 /* SourcesViewController.xib */ = {isa = PBXFileReference; lastKnownFileType = file.xib; path = SourcesViewController.xib; sourceTree = "<group>"; };
		041178E72CA3B2A500D3D9A6 /* SourceTableViewCell.swift */ = {isa = PBXFileReference; lastKnownFileType = sourcecode.swift; path = SourceTableViewCell.swift; sourceTree = "<group>"; };
		041178E82CA3B2A500D3D9A6 /* SourceTableViewCell.xib */ = {isa = PBXFileReference; lastKnownFileType = file.xib; path = SourceTableViewCell.xib; sourceTree = "<group>"; };
		041178EB2CA3B4AE00D3D9A6 /* CategoryCollectionViewCell.swift */ = {isa = PBXFileReference; lastKnownFileType = sourcecode.swift; path = CategoryCollectionViewCell.swift; sourceTree = "<group>"; };
		041178EC2CA3B4AE00D3D9A6 /* CategoryCollectionViewCell.xib */ = {isa = PBXFileReference; lastKnownFileType = file.xib; path = CategoryCollectionViewCell.xib; sourceTree = "<group>"; };
		041178EF2CA3BD8000D3D9A6 /* SourceViewModel.swift */ = {isa = PBXFileReference; lastKnownFileType = sourcecode.swift; path = SourceViewModel.swift; sourceTree = "<group>"; };
		041178F12CA3C35700D3D9A6 /* ArticlesViewController.swift */ = {isa = PBXFileReference; lastKnownFileType = sourcecode.swift; path = ArticlesViewController.swift; sourceTree = "<group>"; };
		041178F22CA3C35700D3D9A6 /* ArticlesViewController.xib */ = {isa = PBXFileReference; lastKnownFileType = file.xib; path = ArticlesViewController.xib; sourceTree = "<group>"; };
		041178F52CA3C38700D3D9A6 /* ArticleViewModel.swift */ = {isa = PBXFileReference; lastKnownFileType = sourcecode.swift; path = ArticleViewModel.swift; sourceTree = "<group>"; };
		041178F72CA3C56600D3D9A6 /* ArticleTableViewCell.swift */ = {isa = PBXFileReference; lastKnownFileType = sourcecode.swift; path = ArticleTableViewCell.swift; sourceTree = "<group>"; };
		041178F82CA3C56600D3D9A6 /* ArticleTableViewCell.xib */ = {isa = PBXFileReference; lastKnownFileType = file.xib; path = ArticleTableViewCell.xib; sourceTree = "<group>"; };
		46DEA10C46B542C3962720F3 /* Pods-NewsApp-NewsAppUITests.release.xcconfig */ = {isa = PBXFileReference; includeInIndex = 1; lastKnownFileType = text.xcconfig; name = "Pods-NewsApp-NewsAppUITests.release.xcconfig"; path = "Target Support Files/Pods-NewsApp-NewsAppUITests/Pods-NewsApp-NewsAppUITests.release.xcconfig"; sourceTree = "<group>"; };
		4F75006A70449D735C700C7F /* Pods-NewsApp-NewsAppUITests.debug.xcconfig */ = {isa = PBXFileReference; includeInIndex = 1; lastKnownFileType = text.xcconfig; name = "Pods-NewsApp-NewsAppUITests.debug.xcconfig"; path = "Target Support Files/Pods-NewsApp-NewsAppUITests/Pods-NewsApp-NewsAppUITests.debug.xcconfig"; sourceTree = "<group>"; };
		55113F50715DF6560314B3A7 /* Pods-NewsApp.release.xcconfig */ = {isa = PBXFileReference; includeInIndex = 1; lastKnownFileType = text.xcconfig; name = "Pods-NewsApp.release.xcconfig"; path = "Target Support Files/Pods-NewsApp/Pods-NewsApp.release.xcconfig"; sourceTree = "<group>"; };
		59A03A8C0F2437AC78B1511D /* Pods_NewsApp_NewsAppUITests.framework */ = {isa = PBXFileReference; explicitFileType = wrapper.framework; includeInIndex = 0; path = Pods_NewsApp_NewsAppUITests.framework; sourceTree = BUILT_PRODUCTS_DIR; };
		6676D81E5A3A77AD85813764 /* Pods-NewsAppTests.debug.xcconfig */ = {isa = PBXFileReference; includeInIndex = 1; lastKnownFileType = text.xcconfig; name = "Pods-NewsAppTests.debug.xcconfig"; path = "Target Support Files/Pods-NewsAppTests/Pods-NewsAppTests.debug.xcconfig"; sourceTree = "<group>"; };
		99A86D165FDF1A8130A09390 /* Pods-NewsAppTests.release.xcconfig */ = {isa = PBXFileReference; includeInIndex = 1; lastKnownFileType = text.xcconfig; name = "Pods-NewsAppTests.release.xcconfig"; path = "Target Support Files/Pods-NewsAppTests/Pods-NewsAppTests.release.xcconfig"; sourceTree = "<group>"; };
		A86DB60C47DCEB466455B7A3 /* Pods_NewsAppTests.framework */ = {isa = PBXFileReference; explicitFileType = wrapper.framework; includeInIndex = 0; path = Pods_NewsAppTests.framework; sourceTree = BUILT_PRODUCTS_DIR; };
		E9989D042DCF946B17B5D8E6 /* Pods_NewsApp.framework */ = {isa = PBXFileReference; explicitFileType = wrapper.framework; includeInIndex = 0; path = Pods_NewsApp.framework; sourceTree = BUILT_PRODUCTS_DIR; };
		F164BD5E007D2F72EF13A24C /* Pods-NewsApp.debug.xcconfig */ = {isa = PBXFileReference; includeInIndex = 1; lastKnownFileType = text.xcconfig; name = "Pods-NewsApp.debug.xcconfig"; path = "Target Support Files/Pods-NewsApp/Pods-NewsApp.debug.xcconfig"; sourceTree = "<group>"; };
/* End PBXFileReference section */

/* Begin PBXFrameworksBuildPhase section */
		0411788A2CA39A9F00D3D9A6 /* Frameworks */ = {
			isa = PBXFrameworksBuildPhase;
			buildActionMask = 2147483647;
			files = (
				FAF42783C176BBDB7CCD1EE6 /* Pods_NewsApp.framework in Frameworks */,
			);
			runOnlyForDeploymentPostprocessing = 0;
		};
		041178A32CA39AA200D3D9A6 /* Frameworks */ = {
			isa = PBXFrameworksBuildPhase;
			buildActionMask = 2147483647;
			files = (
				4B4CE15F8298D70823ACD3B0 /* Pods_NewsAppTests.framework in Frameworks */,
			);
			runOnlyForDeploymentPostprocessing = 0;
		};
		041178AD2CA39AA200D3D9A6 /* Frameworks */ = {
			isa = PBXFrameworksBuildPhase;
			buildActionMask = 2147483647;
			files = (
				DB112B81713D9FACABCD0B6A /* Pods_NewsApp_NewsAppUITests.framework in Frameworks */,
			);
			runOnlyForDeploymentPostprocessing = 0;
		};
/* End PBXFrameworksBuildPhase section */

/* Begin PBXGroup section */
		041178842CA39A9F00D3D9A6 = {
			isa = PBXGroup;
			children = (
				0411788F2CA39A9F00D3D9A6 /* NewsApp */,
				041178A92CA39AA200D3D9A6 /* NewsAppTests */,
				041178B32CA39AA200D3D9A6 /* NewsAppUITests */,
				0411788E2CA39A9F00D3D9A6 /* Products */,
				1247C0130681035EF9091738 /* Pods */,
				F5D1EE8F64B2A59CE6C3DB55 /* Frameworks */,
			);
			sourceTree = "<group>";
		};
		0411788E2CA39A9F00D3D9A6 /* Products */ = {
			isa = PBXGroup;
			children = (
				0411788D2CA39A9F00D3D9A6 /* NewsApp.app */,
				041178A62CA39AA200D3D9A6 /* NewsAppTests.xctest */,
				041178B02CA39AA200D3D9A6 /* NewsAppUITests.xctest */,
			);
			name = Products;
			sourceTree = "<group>";
		};
		0411788F2CA39A9F00D3D9A6 /* NewsApp */ = {
			isa = PBXGroup;
			children = (
				041178C62CA39B6C00D3D9A6 /* Services */,
				041178C52CA39B5D00D3D9A6 /* ViewModel */,
				041178C42CA39B5800D3D9A6 /* View */,
				041178C32CA39B5300D3D9A6 /* Model */,
				041178902CA39A9F00D3D9A6 /* AppDelegate.swift */,
				041178922CA39A9F00D3D9A6 /* SceneDelegate.swift */,
				041178942CA39A9F00D3D9A6 /* ViewController.swift */,
				041178962CA39A9F00D3D9A6 /* Main.storyboard */,
				0411789C2CA39AA200D3D9A6 /* Assets.xcassets */,
				0411789E2CA39AA200D3D9A6 /* LaunchScreen.storyboard */,
				041178A12CA39AA200D3D9A6 /* Info.plist */,
				041178992CA39A9F00D3D9A6 /* NewsApp.xcdatamodeld */,
			);
			path = NewsApp;
			sourceTree = "<group>";
		};
		041178A92CA39AA200D3D9A6 /* NewsAppTests */ = {
			isa = PBXGroup;
			children = (
				041178AA2CA39AA200D3D9A6 /* NewsAppTests.swift */,
			);
			path = NewsAppTests;
			sourceTree = "<group>";
		};
		041178B32CA39AA200D3D9A6 /* NewsAppUITests */ = {
			isa = PBXGroup;
			children = (
				041178B42CA39AA200D3D9A6 /* NewsAppUITests.swift */,
				041178B62CA39AA200D3D9A6 /* NewsAppUITestsLaunchTests.swift */,
			);
			path = NewsAppUITests;
			sourceTree = "<group>";
		};
		041178C32CA39B5300D3D9A6 /* Model */ = {
			isa = PBXGroup;
			children = (
				041178DB2CA3AAE800D3D9A6 /* NewsCategory.swift */,
				041178DF2CA3AC1600D3D9A6 /* NewsItemModel.swift */,
				041178E12CA3AFD500D3D9A6 /* NewsSourceModel.swift */,
			);
			path = Model;
			sourceTree = "<group>";
		};
		041178C42CA39B5800D3D9A6 /* View */ = {
			isa = PBXGroup;
			children = (
				041178D02CA3A05700D3D9A6 /* Cell */,
				041178CF2CA3A05100D3D9A6 /* Controller */,
			);
			path = View;
			sourceTree = "<group>";
		};
		041178C52CA39B5D00D3D9A6 /* ViewModel */ = {
			isa = PBXGroup;
			children = (
				041178DD2CA3AB6600D3D9A6 /* HomeViewModel.swift */,
				041178EF2CA3BD8000D3D9A6 /* SourceViewModel.swift */,
				041178F52CA3C38700D3D9A6 /* ArticleViewModel.swift */,
			);
			path = ViewModel;
			sourceTree = "<group>";
		};
		041178C62CA39B6C00D3D9A6 /* Services */ = {
			isa = PBXGroup;
			children = (
				041178C72CA39B8D00D3D9A6 /* ErrorManager.swift */,
				041178C92CA39B9600D3D9A6 /* APIManager.swift */,
				041178CB2CA39E6A00D3D9A6 /* ResponseErrorModel.swift */,
				041178CD2CA39EBA00D3D9A6 /* HttpMethod.swift */,
			);
			path = Services;
			sourceTree = "<group>";
		};
		041178CF2CA3A05100D3D9A6 /* Controller */ = {
			isa = PBXGroup;
			children = (
				041178D72CA3AA7000D3D9A6 /* HomeViewController.swift */,
				041178D82CA3AA7000D3D9A6 /* HomeViewController.xib */,
				041178E32CA3B06300D3D9A6 /* SourcesViewController.swift */,
				041178E42CA3B06300D3D9A6 /* SourcesViewController.xib */,
				041178F12CA3C35700D3D9A6 /* ArticlesViewController.swift */,
				041178F22CA3C35700D3D9A6 /* ArticlesViewController.xib */,
			);
			path = Controller;
			sourceTree = "<group>";
		};
		041178D02CA3A05700D3D9A6 /* Cell */ = {
			isa = PBXGroup;
			children = (
				041178D22CA3A07600D3D9A6 /* Table Cell */,
				041178D12CA3A06C00D3D9A6 /* Collection Cell */,
			);
			path = Cell;
			sourceTree = "<group>";
		};
		041178D12CA3A06C00D3D9A6 /* Collection Cell */ = {
			isa = PBXGroup;
			children = (
				041178D32CA3A09200D3D9A6 /* TopHeadlineCollectionViewCell.swift */,
				041178D42CA3A09200D3D9A6 /* TopHeadlineCollectionViewCell.xib */,
				041178EB2CA3B4AE00D3D9A6 /* CategoryCollectionViewCell.swift */,
				041178EC2CA3B4AE00D3D9A6 /* CategoryCollectionViewCell.xib */,
			);
			path = "Collection Cell";
			sourceTree = "<group>";
		};
		041178D22CA3A07600D3D9A6 /* Table Cell */ = {
			isa = PBXGroup;
			children = (
				041178E72CA3B2A500D3D9A6 /* SourceTableViewCell.swift */,
				041178E82CA3B2A500D3D9A6 /* SourceTableViewCell.xib */,
				041178F72CA3C56600D3D9A6 /* ArticleTableViewCell.swift */,
				041178F82CA3C56600D3D9A6 /* ArticleTableViewCell.xib */,
			);
			path = "Table Cell";
			sourceTree = "<group>";
		};
		1247C0130681035EF9091738 /* Pods */ = {
			isa = PBXGroup;
			children = (
				F164BD5E007D2F72EF13A24C /* Pods-NewsApp.debug.xcconfig */,
				55113F50715DF6560314B3A7 /* Pods-NewsApp.release.xcconfig */,
				4F75006A70449D735C700C7F /* Pods-NewsApp-NewsAppUITests.debug.xcconfig */,
				46DEA10C46B542C3962720F3 /* Pods-NewsApp-NewsAppUITests.release.xcconfig */,
				6676D81E5A3A77AD85813764 /* Pods-NewsAppTests.debug.xcconfig */,
				99A86D165FDF1A8130A09390 /* Pods-NewsAppTests.release.xcconfig */,
			);
			path = Pods;
			sourceTree = "<group>";
		};
		F5D1EE8F64B2A59CE6C3DB55 /* Frameworks */ = {
			isa = PBXGroup;
			children = (
				E9989D042DCF946B17B5D8E6 /* Pods_NewsApp.framework */,
				59A03A8C0F2437AC78B1511D /* Pods_NewsApp_NewsAppUITests.framework */,
				A86DB60C47DCEB466455B7A3 /* Pods_NewsAppTests.framework */,
			);
			name = Frameworks;
			sourceTree = "<group>";
		};
/* End PBXGroup section */

/* Begin PBXNativeTarget section */
		0411788C2CA39A9F00D3D9A6 /* NewsApp */ = {
			isa = PBXNativeTarget;
			buildConfigurationList = 041178BA2CA39AA200D3D9A6 /* Build configuration list for PBXNativeTarget "NewsApp" */;
			buildPhases = (
				E08129C0E2368A1E27DB1616 /* [CP] Check Pods Manifest.lock */,
				041178892CA39A9F00D3D9A6 /* Sources */,
				0411788A2CA39A9F00D3D9A6 /* Frameworks */,
				0411788B2CA39A9F00D3D9A6 /* Resources */,
				11D8AF52D8D64D07F8FAE451 /* [CP] Embed Pods Frameworks */,
			);
			buildRules = (
			);
			dependencies = (
			);
			name = NewsApp;
			productName = NewsApp;
			productReference = 0411788D2CA39A9F00D3D9A6 /* NewsApp.app */;
			productType = "com.apple.product-type.application";
		};
		041178A52CA39AA200D3D9A6 /* NewsAppTests */ = {
			isa = PBXNativeTarget;
			buildConfigurationList = 041178BD2CA39AA200D3D9A6 /* Build configuration list for PBXNativeTarget "NewsAppTests" */;
			buildPhases = (
				AA4F2C1ED4006311ACFEBC8B /* [CP] Check Pods Manifest.lock */,
				041178A22CA39AA200D3D9A6 /* Sources */,
				041178A32CA39AA200D3D9A6 /* Frameworks */,
				041178A42CA39AA200D3D9A6 /* Resources */,
			);
			buildRules = (
			);
			dependencies = (
				041178A82CA39AA200D3D9A6 /* PBXTargetDependency */,
			);
			name = NewsAppTests;
			productName = NewsAppTests;
			productReference = 041178A62CA39AA200D3D9A6 /* NewsAppTests.xctest */;
			productType = "com.apple.product-type.bundle.unit-test";
		};
		041178AF2CA39AA200D3D9A6 /* NewsAppUITests */ = {
			isa = PBXNativeTarget;
			buildConfigurationList = 041178C02CA39AA200D3D9A6 /* Build configuration list for PBXNativeTarget "NewsAppUITests" */;
			buildPhases = (
				C4B258CB3CFAA4784CB7A854 /* [CP] Check Pods Manifest.lock */,
				041178AC2CA39AA200D3D9A6 /* Sources */,
				041178AD2CA39AA200D3D9A6 /* Frameworks */,
				041178AE2CA39AA200D3D9A6 /* Resources */,
				A08F5F4A4CB68EB5E87F3214 /* [CP] Embed Pods Frameworks */,
			);
			buildRules = (
			);
			dependencies = (
				041178B22CA39AA200D3D9A6 /* PBXTargetDependency */,
			);
			name = NewsAppUITests;
			productName = NewsAppUITests;
			productReference = 041178B02CA39AA200D3D9A6 /* NewsAppUITests.xctest */;
			productType = "com.apple.product-type.bundle.ui-testing";
		};
/* End PBXNativeTarget section */

/* Begin PBXProject section */
		041178852CA39A9F00D3D9A6 /* Project object */ = {
			isa = PBXProject;
			attributes = {
				BuildIndependentTargetsInParallel = 1;
				LastSwiftUpdateCheck = 1520;
				LastUpgradeCheck = 1520;
				TargetAttributes = {
					0411788C2CA39A9F00D3D9A6 = {
						CreatedOnToolsVersion = 15.2;
					};
					041178A52CA39AA200D3D9A6 = {
						CreatedOnToolsVersion = 15.2;
						TestTargetID = 0411788C2CA39A9F00D3D9A6;
					};
					041178AF2CA39AA200D3D9A6 = {
						CreatedOnToolsVersion = 15.2;
						TestTargetID = 0411788C2CA39A9F00D3D9A6;
					};
				};
			};
			buildConfigurationList = 041178882CA39A9F00D3D9A6 /* Build configuration list for PBXProject "NewsApp" */;
			compatibilityVersion = "Xcode 14.0";
			developmentRegion = en;
			hasScannedForEncodings = 0;
			knownRegions = (
				en,
				Base,
			);
			mainGroup = 041178842CA39A9F00D3D9A6;
			productRefGroup = 0411788E2CA39A9F00D3D9A6 /* Products */;
			projectDirPath = "";
			projectRoot = "";
			targets = (
				0411788C2CA39A9F00D3D9A6 /* NewsApp */,
				041178A52CA39AA200D3D9A6 /* NewsAppTests */,
				041178AF2CA39AA200D3D9A6 /* NewsAppUITests */,
			);
		};
/* End PBXProject section */

/* Begin PBXResourcesBuildPhase section */
		0411788B2CA39A9F00D3D9A6 /* Resources */ = {
			isa = PBXResourcesBuildPhase;
			buildActionMask = 2147483647;
			files = (
				041178FA2CA3C56600D3D9A6 /* ArticleTableViewCell.xib in Resources */,
				041178A02CA39AA200D3D9A6 /* LaunchScreen.storyboard in Resources */,
				041178F42CA3C35700D3D9A6 /* ArticlesViewController.xib in Resources */,
				041178E62CA3B06300D3D9A6 /* SourcesViewController.xib in Resources */,
				0411789D2CA39AA200D3D9A6 /* Assets.xcassets in Resources */,
				041178DA2CA3AA7000D3D9A6 /* HomeViewController.xib in Resources */,
				041178EE2CA3B4AE00D3D9A6 /* CategoryCollectionViewCell.xib in Resources */,
				041178D62CA3A09200D3D9A6 /* TopHeadlineCollectionViewCell.xib in Resources */,
				041178EA2CA3B2A500D3D9A6 /* SourceTableViewCell.xib in Resources */,
				041178982CA39A9F00D3D9A6 /* Main.storyboard in Resources */,
			);
			runOnlyForDeploymentPostprocessing = 0;
		};
		041178A42CA39AA200D3D9A6 /* Resources */ = {
			isa = PBXResourcesBuildPhase;
			buildActionMask = 2147483647;
			files = (
			);
			runOnlyForDeploymentPostprocessing = 0;
		};
		041178AE2CA39AA200D3D9A6 /* Resources */ = {
			isa = PBXResourcesBuildPhase;
			buildActionMask = 2147483647;
			files = (
			);
			runOnlyForDeploymentPostprocessing = 0;
		};
/* End PBXResourcesBuildPhase section */

/* Begin PBXShellScriptBuildPhase section */
		11D8AF52D8D64D07F8FAE451 /* [CP] Embed Pods Frameworks */ = {
			isa = PBXShellScriptBuildPhase;
			buildActionMask = 2147483647;
			files = (
			);
			inputFileListPaths = (
				"${PODS_ROOT}/Target Support Files/Pods-NewsApp/Pods-NewsApp-frameworks-${CONFIGURATION}-input-files.xcfilelist",
			);
			name = "[CP] Embed Pods Frameworks";
			outputFileListPaths = (
				"${PODS_ROOT}/Target Support Files/Pods-NewsApp/Pods-NewsApp-frameworks-${CONFIGURATION}-output-files.xcfilelist",
			);
			runOnlyForDeploymentPostprocessing = 0;
			shellPath = /bin/sh;
			shellScript = "\"${PODS_ROOT}/Target Support Files/Pods-NewsApp/Pods-NewsApp-frameworks.sh\"\n";
			showEnvVarsInLog = 0;
		};
		A08F5F4A4CB68EB5E87F3214 /* [CP] Embed Pods Frameworks */ = {
			isa = PBXShellScriptBuildPhase;
			buildActionMask = 2147483647;
			files = (
			);
			inputFileListPaths = (
				"${PODS_ROOT}/Target Support Files/Pods-NewsApp-NewsAppUITests/Pods-NewsApp-NewsAppUITests-frameworks-${CONFIGURATION}-input-files.xcfilelist",
			);
			name = "[CP] Embed Pods Frameworks";
			outputFileListPaths = (
				"${PODS_ROOT}/Target Support Files/Pods-NewsApp-NewsAppUITests/Pods-NewsApp-NewsAppUITests-frameworks-${CONFIGURATION}-output-files.xcfilelist",
			);
			runOnlyForDeploymentPostprocessing = 0;
			shellPath = /bin/sh;
			shellScript = "\"${PODS_ROOT}/Target Support Files/Pods-NewsApp-NewsAppUITests/Pods-NewsApp-NewsAppUITests-frameworks.sh\"\n";
			showEnvVarsInLog = 0;
		};
		AA4F2C1ED4006311ACFEBC8B /* [CP] Check Pods Manifest.lock */ = {
			isa = PBXShellScriptBuildPhase;
			buildActionMask = 2147483647;
			files = (
			);
			inputFileListPaths = (
			);
			inputPaths = (
				"${PODS_PODFILE_DIR_PATH}/Podfile.lock",
				"${PODS_ROOT}/Manifest.lock",
			);
			name = "[CP] Check Pods Manifest.lock";
			outputFileListPaths = (
			);
			outputPaths = (
				"$(DERIVED_FILE_DIR)/Pods-NewsAppTests-checkManifestLockResult.txt",
			);
			runOnlyForDeploymentPostprocessing = 0;
			shellPath = /bin/sh;
			shellScript = "diff \"${PODS_PODFILE_DIR_PATH}/Podfile.lock\" \"${PODS_ROOT}/Manifest.lock\" > /dev/null\nif [ $? != 0 ] ; then\n    # print error to STDERR\n    echo \"error: The sandbox is not in sync with the Podfile.lock. Run 'pod install' or update your CocoaPods installation.\" >&2\n    exit 1\nfi\n# This output is used by Xcode 'outputs' to avoid re-running this script phase.\necho \"SUCCESS\" > \"${SCRIPT_OUTPUT_FILE_0}\"\n";
			showEnvVarsInLog = 0;
		};
		C4B258CB3CFAA4784CB7A854 /* [CP] Check Pods Manifest.lock */ = {
			isa = PBXShellScriptBuildPhase;
			buildActionMask = 2147483647;
			files = (
			);
			inputFileListPaths = (
			);
			inputPaths = (
				"${PODS_PODFILE_DIR_PATH}/Podfile.lock",
				"${PODS_ROOT}/Manifest.lock",
			);
			name = "[CP] Check Pods Manifest.lock";
			outputFileListPaths = (
			);
			outputPaths = (
				"$(DERIVED_FILE_DIR)/Pods-NewsApp-NewsAppUITests-checkManifestLockResult.txt",
			);
			runOnlyForDeploymentPostprocessing = 0;
			shellPath = /bin/sh;
			shellScript = "diff \"${PODS_PODFILE_DIR_PATH}/Podfile.lock\" \"${PODS_ROOT}/Manifest.lock\" > /dev/null\nif [ $? != 0 ] ; then\n    # print error to STDERR\n    echo \"error: The sandbox is not in sync with the Podfile.lock. Run 'pod install' or update your CocoaPods installation.\" >&2\n    exit 1\nfi\n# This output is used by Xcode 'outputs' to avoid re-running this script phase.\necho \"SUCCESS\" > \"${SCRIPT_OUTPUT_FILE_0}\"\n";
			showEnvVarsInLog = 0;
		};
		E08129C0E2368A1E27DB1616 /* [CP] Check Pods Manifest.lock */ = {
			isa = PBXShellScriptBuildPhase;
			buildActionMask = 2147483647;
			files = (
			);
			inputFileListPaths = (
			);
			inputPaths = (
				"${PODS_PODFILE_DIR_PATH}/Podfile.lock",
				"${PODS_ROOT}/Manifest.lock",
			);
			name = "[CP] Check Pods Manifest.lock";
			outputFileListPaths = (
			);
			outputPaths = (
				"$(DERIVED_FILE_DIR)/Pods-NewsApp-checkManifestLockResult.txt",
			);
			runOnlyForDeploymentPostprocessing = 0;
			shellPath = /bin/sh;
			shellScript = "diff \"${PODS_PODFILE_DIR_PATH}/Podfile.lock\" \"${PODS_ROOT}/Manifest.lock\" > /dev/null\nif [ $? != 0 ] ; then\n    # print error to STDERR\n    echo \"error: The sandbox is not in sync with the Podfile.lock. Run 'pod install' or update your CocoaPods installation.\" >&2\n    exit 1\nfi\n# This output is used by Xcode 'outputs' to avoid re-running this script phase.\necho \"SUCCESS\" > \"${SCRIPT_OUTPUT_FILE_0}\"\n";
			showEnvVarsInLog = 0;
		};
/* End PBXShellScriptBuildPhase section */

/* Begin PBXSourcesBuildPhase section */
		041178892CA39A9F00D3D9A6 /* Sources */ = {
			isa = PBXSourcesBuildPhase;
			buildActionMask = 2147483647;
			files = (
				041178E02CA3AC1600D3D9A6 /* NewsItemModel.swift in Sources */,
				041178F32CA3C35700D3D9A6 /* ArticlesViewController.swift in Sources */,
				041178E22CA3AFD500D3D9A6 /* NewsSourceModel.swift in Sources */,
				041178CA2CA39B9600D3D9A6 /* APIManager.swift in Sources */,
				041178ED2CA3B4AE00D3D9A6 /* CategoryCollectionViewCell.swift in Sources */,
				041178DC2CA3AAE800D3D9A6 /* NewsCategory.swift in Sources */,
				041178CC2CA39E6A00D3D9A6 /* ResponseErrorModel.swift in Sources */,
				041178952CA39A9F00D3D9A6 /* ViewController.swift in Sources */,
				041178F02CA3BD8000D3D9A6 /* SourceViewModel.swift in Sources */,
				041178912CA39A9F00D3D9A6 /* AppDelegate.swift in Sources */,
				041178CE2CA39EBA00D3D9A6 /* HttpMethod.swift in Sources */,
				041178E92CA3B2A500D3D9A6 /* SourceTableViewCell.swift in Sources */,
				041178D92CA3AA7000D3D9A6 /* HomeViewController.swift in Sources */,
				041178F62CA3C38700D3D9A6 /* ArticleViewModel.swift in Sources */,
				041178DE2CA3AB6600D3D9A6 /* HomeViewModel.swift in Sources */,
				0411789B2CA39A9F00D3D9A6 /* NewsApp.xcdatamodeld in Sources */,
				041178E52CA3B06300D3D9A6 /* SourcesViewController.swift in Sources */,
				041178932CA39A9F00D3D9A6 /* SceneDelegate.swift in Sources */,
				041178C82CA39B8D00D3D9A6 /* ErrorManager.swift in Sources */,
				041178F92CA3C56600D3D9A6 /* ArticleTableViewCell.swift in Sources */,
				041178D52CA3A09200D3D9A6 /* TopHeadlineCollectionViewCell.swift in Sources */,
			);
			runOnlyForDeploymentPostprocessing = 0;
		};
		041178A22CA39AA200D3D9A6 /* Sources */ = {
			isa = PBXSourcesBuildPhase;
			buildActionMask = 2147483647;
			files = (
				041178AB2CA39AA200D3D9A6 /* NewsAppTests.swift in Sources */,
			);
			runOnlyForDeploymentPostprocessing = 0;
		};
		041178AC2CA39AA200D3D9A6 /* Sources */ = {
			isa = PBXSourcesBuildPhase;
			buildActionMask = 2147483647;
			files = (
				041178B52CA39AA200D3D9A6 /* NewsAppUITests.swift in Sources */,
				041178B72CA39AA200D3D9A6 /* NewsAppUITestsLaunchTests.swift in Sources */,
			);
			runOnlyForDeploymentPostprocessing = 0;
		};
/* End PBXSourcesBuildPhase section */

/* Begin PBXTargetDependency section */
		041178A82CA39AA200D3D9A6 /* PBXTargetDependency */ = {
			isa = PBXTargetDependency;
			target = 0411788C2CA39A9F00D3D9A6 /* NewsApp */;
			targetProxy = 041178A72CA39AA200D3D9A6 /* PBXContainerItemProxy */;
		};
		041178B22CA39AA200D3D9A6 /* PBXTargetDependency */ = {
			isa = PBXTargetDependency;
			target = 0411788C2CA39A9F00D3D9A6 /* NewsApp */;
			targetProxy = 041178B12CA39AA200D3D9A6 /* PBXContainerItemProxy */;
		};
/* End PBXTargetDependency section */

/* Begin PBXVariantGroup section */
		041178962CA39A9F00D3D9A6 /* Main.storyboard */ = {
			isa = PBXVariantGroup;
			children = (
				041178972CA39A9F00D3D9A6 /* Base */,
			);
			name = Main.storyboard;
			sourceTree = "<group>";
		};
		0411789E2CA39AA200D3D9A6 /* LaunchScreen.storyboard */ = {
			isa = PBXVariantGroup;
			children = (
				0411789F2CA39AA200D3D9A6 /* Base */,
			);
			name = LaunchScreen.storyboard;
			sourceTree = "<group>";
		};
/* End PBXVariantGroup section */

/* Begin XCBuildConfiguration section */
		041178B82CA39AA200D3D9A6 /* Debug */ = {
			isa = XCBuildConfiguration;
			buildSettings = {
				ALWAYS_SEARCH_USER_PATHS = NO;
				ASSETCATALOG_COMPILER_GENERATE_SWIFT_ASSET_SYMBOL_EXTENSIONS = YES;
				CLANG_ANALYZER_NONNULL = YES;
				CLANG_ANALYZER_NUMBER_OBJECT_CONVERSION = YES_AGGRESSIVE;
				CLANG_CXX_LANGUAGE_STANDARD = "gnu++20";
				CLANG_ENABLE_MODULES = YES;
				CLANG_ENABLE_OBJC_ARC = YES;
				CLANG_ENABLE_OBJC_WEAK = YES;
				CLANG_WARN_BLOCK_CAPTURE_AUTORELEASING = YES;
				CLANG_WARN_BOOL_CONVERSION = YES;
				CLANG_WARN_COMMA = YES;
				CLANG_WARN_CONSTANT_CONVERSION = YES;
				CLANG_WARN_DEPRECATED_OBJC_IMPLEMENTATIONS = YES;
				CLANG_WARN_DIRECT_OBJC_ISA_USAGE = YES_ERROR;
				CLANG_WARN_DOCUMENTATION_COMMENTS = YES;
				CLANG_WARN_EMPTY_BODY = YES;
				CLANG_WARN_ENUM_CONVERSION = YES;
				CLANG_WARN_INFINITE_RECURSION = YES;
				CLANG_WARN_INT_CONVERSION = YES;
				CLANG_WARN_NON_LITERAL_NULL_CONVERSION = YES;
				CLANG_WARN_OBJC_IMPLICIT_RETAIN_SELF = YES;
				CLANG_WARN_OBJC_LITERAL_CONVERSION = YES;
				CLANG_WARN_OBJC_ROOT_CLASS = YES_ERROR;
				CLANG_WARN_QUOTED_INCLUDE_IN_FRAMEWORK_HEADER = YES;
				CLANG_WARN_RANGE_LOOP_ANALYSIS = YES;
				CLANG_WARN_STRICT_PROTOTYPES = YES;
				CLANG_WARN_SUSPICIOUS_MOVE = YES;
				CLANG_WARN_UNGUARDED_AVAILABILITY = YES_AGGRESSIVE;
				CLANG_WARN_UNREACHABLE_CODE = YES;
				CLANG_WARN__DUPLICATE_METHOD_MATCH = YES;
				COPY_PHASE_STRIP = NO;
				DEBUG_INFORMATION_FORMAT = dwarf;
				ENABLE_STRICT_OBJC_MSGSEND = YES;
				ENABLE_TESTABILITY = YES;
				ENABLE_USER_SCRIPT_SANDBOXING = YES;
				GCC_C_LANGUAGE_STANDARD = gnu17;
				GCC_DYNAMIC_NO_PIC = NO;
				GCC_NO_COMMON_BLOCKS = YES;
				GCC_OPTIMIZATION_LEVEL = 0;
				GCC_PREPROCESSOR_DEFINITIONS = (
					"DEBUG=1",
					"$(inherited)",
				);
				GCC_WARN_64_TO_32_BIT_CONVERSION = YES;
				GCC_WARN_ABOUT_RETURN_TYPE = YES_ERROR;
				GCC_WARN_UNDECLARED_SELECTOR = YES;
				GCC_WARN_UNINITIALIZED_AUTOS = YES_AGGRESSIVE;
				GCC_WARN_UNUSED_FUNCTION = YES;
				GCC_WARN_UNUSED_VARIABLE = YES;
				IPHONEOS_DEPLOYMENT_TARGET = 17.2;
				LOCALIZATION_PREFERS_STRING_CATALOGS = YES;
				MTL_ENABLE_DEBUG_INFO = INCLUDE_SOURCE;
				MTL_FAST_MATH = YES;
				ONLY_ACTIVE_ARCH = YES;
				SDKROOT = iphoneos;
				SWIFT_ACTIVE_COMPILATION_CONDITIONS = "DEBUG $(inherited)";
				SWIFT_OPTIMIZATION_LEVEL = "-Onone";
			};
			name = Debug;
		};
		041178B92CA39AA200D3D9A6 /* Release */ = {
			isa = XCBuildConfiguration;
			buildSettings = {
				ALWAYS_SEARCH_USER_PATHS = NO;
				ASSETCATALOG_COMPILER_GENERATE_SWIFT_ASSET_SYMBOL_EXTENSIONS = YES;
				CLANG_ANALYZER_NONNULL = YES;
				CLANG_ANALYZER_NUMBER_OBJECT_CONVERSION = YES_AGGRESSIVE;
				CLANG_CXX_LANGUAGE_STANDARD = "gnu++20";
				CLANG_ENABLE_MODULES = YES;
				CLANG_ENABLE_OBJC_ARC = YES;
				CLANG_ENABLE_OBJC_WEAK = YES;
				CLANG_WARN_BLOCK_CAPTURE_AUTORELEASING = YES;
				CLANG_WARN_BOOL_CONVERSION = YES;
				CLANG_WARN_COMMA = YES;
				CLANG_WARN_CONSTANT_CONVERSION = YES;
				CLANG_WARN_DEPRECATED_OBJC_IMPLEMENTATIONS = YES;
				CLANG_WARN_DIRECT_OBJC_ISA_USAGE = YES_ERROR;
				CLANG_WARN_DOCUMENTATION_COMMENTS = YES;
				CLANG_WARN_EMPTY_BODY = YES;
				CLANG_WARN_ENUM_CONVERSION = YES;
				CLANG_WARN_INFINITE_RECURSION = YES;
				CLANG_WARN_INT_CONVERSION = YES;
				CLANG_WARN_NON_LITERAL_NULL_CONVERSION = YES;
				CLANG_WARN_OBJC_IMPLICIT_RETAIN_SELF = YES;
				CLANG_WARN_OBJC_LITERAL_CONVERSION = YES;
				CLANG_WARN_OBJC_ROOT_CLASS = YES_ERROR;
				CLANG_WARN_QUOTED_INCLUDE_IN_FRAMEWORK_HEADER = YES;
				CLANG_WARN_RANGE_LOOP_ANALYSIS = YES;
				CLANG_WARN_STRICT_PROTOTYPES = YES;
				CLANG_WARN_SUSPICIOUS_MOVE = YES;
				CLANG_WARN_UNGUARDED_AVAILABILITY = YES_AGGRESSIVE;
				CLANG_WARN_UNREACHABLE_CODE = YES;
				CLANG_WARN__DUPLICATE_METHOD_MATCH = YES;
				COPY_PHASE_STRIP = NO;
				DEBUG_INFORMATION_FORMAT = "dwarf-with-dsym";
				ENABLE_NS_ASSERTIONS = NO;
				ENABLE_STRICT_OBJC_MSGSEND = YES;
				ENABLE_USER_SCRIPT_SANDBOXING = YES;
				GCC_C_LANGUAGE_STANDARD = gnu17;
				GCC_NO_COMMON_BLOCKS = YES;
				GCC_WARN_64_TO_32_BIT_CONVERSION = YES;
				GCC_WARN_ABOUT_RETURN_TYPE = YES_ERROR;
				GCC_WARN_UNDECLARED_SELECTOR = YES;
				GCC_WARN_UNINITIALIZED_AUTOS = YES_AGGRESSIVE;
				GCC_WARN_UNUSED_FUNCTION = YES;
				GCC_WARN_UNUSED_VARIABLE = YES;
				IPHONEOS_DEPLOYMENT_TARGET = 17.2;
				LOCALIZATION_PREFERS_STRING_CATALOGS = YES;
				MTL_ENABLE_DEBUG_INFO = NO;
				MTL_FAST_MATH = YES;
				SDKROOT = iphoneos;
				SWIFT_COMPILATION_MODE = wholemodule;
				VALIDATE_PRODUCT = YES;
			};
			name = Release;
		};
		041178BB2CA39AA200D3D9A6 /* Debug */ = {
			isa = XCBuildConfiguration;
			baseConfigurationReference = F164BD5E007D2F72EF13A24C /* Pods-NewsApp.debug.xcconfig */;
			buildSettings = {
				ASSETCATALOG_COMPILER_APPICON_NAME = AppIcon;
				ASSETCATALOG_COMPILER_GLOBAL_ACCENT_COLOR_NAME = AccentColor;
				CODE_SIGN_STYLE = Automatic;
				CURRENT_PROJECT_VERSION = 1;
				ENABLE_USER_SCRIPT_SANDBOXING = NO;
				GENERATE_INFOPLIST_FILE = YES;
				INFOPLIST_FILE = NewsApp/Info.plist;
				INFOPLIST_KEY_UIApplicationSupportsIndirectInputEvents = YES;
				INFOPLIST_KEY_UILaunchStoryboardName = LaunchScreen;
				INFOPLIST_KEY_UIMainStoryboardFile = Main;
				INFOPLIST_KEY_UISupportedInterfaceOrientations_iPad = "UIInterfaceOrientationPortrait UIInterfaceOrientationPortraitUpsideDown UIInterfaceOrientationLandscapeLeft UIInterfaceOrientationLandscapeRight";
				INFOPLIST_KEY_UISupportedInterfaceOrientations_iPhone = "UIInterfaceOrientationPortrait UIInterfaceOrientationLandscapeLeft UIInterfaceOrientationLandscapeRight";
				IPHONEOS_DEPLOYMENT_TARGET = 11.0;
				LD_RUNPATH_SEARCH_PATHS = (
					"$(inherited)",
					"@executable_path/Frameworks",
				);
				MARKETING_VERSION = 1.0;
				PRODUCT_BUNDLE_IDENTIFIER = Com.Rani.NewsApp;
				PRODUCT_NAME = "$(TARGET_NAME)";
				SWIFT_EMIT_LOC_STRINGS = YES;
				SWIFT_VERSION = 5.0;
				TARGETED_DEVICE_FAMILY = "1,2";
			};
			name = Debug;
		};
		041178BC2CA39AA200D3D9A6 /* Release */ = {
			isa = XCBuildConfiguration;
			baseConfigurationReference = 55113F50715DF6560314B3A7 /* Pods-NewsApp.release.xcconfig */;
			buildSettings = {
				ASSETCATALOG_COMPILER_APPICON_NAME = AppIcon;
				ASSETCATALOG_COMPILER_GLOBAL_ACCENT_COLOR_NAME = AccentColor;
				CODE_SIGN_STYLE = Automatic;
				CURRENT_PROJECT_VERSION = 1;
				ENABLE_USER_SCRIPT_SANDBOXING = NO;
				GENERATE_INFOPLIST_FILE = YES;
				INFOPLIST_FILE = NewsApp/Info.plist;
				INFOPLIST_KEY_UIApplicationSupportsIndirectInputEvents = YES;
				INFOPLIST_KEY_UILaunchStoryboardName = LaunchScreen;
				INFOPLIST_KEY_UIMainStoryboardFile = Main;
				INFOPLIST_KEY_UISupportedInterfaceOrientations_iPad = "UIInterfaceOrientationPortrait UIInterfaceOrientationPortraitUpsideDown UIInterfaceOrientationLandscapeLeft UIInterfaceOrientationLandscapeRight";
				INFOPLIST_KEY_UISupportedInterfaceOrientations_iPhone = "UIInterfaceOrientationPortrait UIInterfaceOrientationLandscapeLeft UIInterfaceOrientationLandscapeRight";
				IPHONEOS_DEPLOYMENT_TARGET = 11.0;
				LD_RUNPATH_SEARCH_PATHS = (
					"$(inherited)",
					"@executable_path/Frameworks",
				);
				MARKETING_VERSION = 1.0;
				PRODUCT_BUNDLE_IDENTIFIER = Com.Rani.NewsApp;
				PRODUCT_NAME = "$(TARGET_NAME)";
				SWIFT_EMIT_LOC_STRINGS = YES;
				SWIFT_VERSION = 5.0;
				TARGETED_DEVICE_FAMILY = "1,2";
			};
			name = Release;
		};
		041178BE2CA39AA200D3D9A6 /* Debug */ = {
			isa = XCBuildConfiguration;
			baseConfigurationReference = 6676D81E5A3A77AD85813764 /* Pods-NewsAppTests.debug.xcconfig */;
			buildSettings = {
				ALWAYS_EMBED_SWIFT_STANDARD_LIBRARIES = YES;
				BUNDLE_LOADER = "$(TEST_HOST)";
				CODE_SIGN_STYLE = Automatic;
				CURRENT_PROJECT_VERSION = 1;
				GENERATE_INFOPLIST_FILE = YES;
				IPHONEOS_DEPLOYMENT_TARGET = 17.2;
				MARKETING_VERSION = 1.0;
				PRODUCT_BUNDLE_IDENTIFIER = Com.Rani.NewsAppTests;
				PRODUCT_NAME = "$(TARGET_NAME)";
				SWIFT_EMIT_LOC_STRINGS = NO;
				SWIFT_VERSION = 5.0;
				TARGETED_DEVICE_FAMILY = "1,2";
				TEST_HOST = "$(BUILT_PRODUCTS_DIR)/NewsApp.app/$(BUNDLE_EXECUTABLE_FOLDER_PATH)/NewsApp";
			};
			name = Debug;
		};
		041178BF2CA39AA200D3D9A6 /* Release */ = {
			isa = XCBuildConfiguration;
			baseConfigurationReference = 99A86D165FDF1A8130A09390 /* Pods-NewsAppTests.release.xcconfig */;
			buildSettings = {
				ALWAYS_EMBED_SWIFT_STANDARD_LIBRARIES = YES;
				BUNDLE_LOADER = "$(TEST_HOST)";
				CODE_SIGN_STYLE = Automatic;
				CURRENT_PROJECT_VERSION = 1;
				GENERATE_INFOPLIST_FILE = YES;
				IPHONEOS_DEPLOYMENT_TARGET = 17.2;
				MARKETING_VERSION = 1.0;
				PRODUCT_BUNDLE_IDENTIFIER = Com.Rani.NewsAppTests;
				PRODUCT_NAME = "$(TARGET_NAME)";
				SWIFT_EMIT_LOC_STRINGS = NO;
				SWIFT_VERSION = 5.0;
				TARGETED_DEVICE_FAMILY = "1,2";
				TEST_HOST = "$(BUILT_PRODUCTS_DIR)/NewsApp.app/$(BUNDLE_EXECUTABLE_FOLDER_PATH)/NewsApp";
			};
			name = Release;
		};
		041178C12CA39AA200D3D9A6 /* Debug */ = {
			isa = XCBuildConfiguration;
			baseConfigurationReference = 4F75006A70449D735C700C7F /* Pods-NewsApp-NewsAppUITests.debug.xcconfig */;
			buildSettings = {
				ALWAYS_EMBED_SWIFT_STANDARD_LIBRARIES = YES;
				CODE_SIGN_STYLE = Automatic;
				CURRENT_PROJECT_VERSION = 1;
				GENERATE_INFOPLIST_FILE = YES;
				MARKETING_VERSION = 1.0;
				PRODUCT_BUNDLE_IDENTIFIER = Com.Rani.NewsAppUITests;
				PRODUCT_NAME = "$(TARGET_NAME)";
				SWIFT_EMIT_LOC_STRINGS = NO;
				SWIFT_VERSION = 5.0;
				TARGETED_DEVICE_FAMILY = "1,2";
				TEST_TARGET_NAME = NewsApp;
			};
			name = Debug;
		};
		041178C22CA39AA200D3D9A6 /* Release */ = {
			isa = XCBuildConfiguration;
			baseConfigurationReference = 46DEA10C46B542C3962720F3 /* Pods-NewsApp-NewsAppUITests.release.xcconfig */;
			buildSettings = {
				ALWAYS_EMBED_SWIFT_STANDARD_LIBRARIES = YES;
				CODE_SIGN_STYLE = Automatic;
				CURRENT_PROJECT_VERSION = 1;
				GENERATE_INFOPLIST_FILE = YES;
				MARKETING_VERSION = 1.0;
				PRODUCT_BUNDLE_IDENTIFIER = Com.Rani.NewsAppUITests;
				PRODUCT_NAME = "$(TARGET_NAME)";
				SWIFT_EMIT_LOC_STRINGS = NO;
				SWIFT_VERSION = 5.0;
				TARGETED_DEVICE_FAMILY = "1,2";
				TEST_TARGET_NAME = NewsApp;
			};
			name = Release;
		};
/* End XCBuildConfiguration section */

/* Begin XCConfigurationList section */
		041178882CA39A9F00D3D9A6 /* Build configuration list for PBXProject "NewsApp" */ = {
			isa = XCConfigurationList;
			buildConfigurations = (
				041178B82CA39AA200D3D9A6 /* Debug */,
				041178B92CA39AA200D3D9A6 /* Release */,
			);
			defaultConfigurationIsVisible = 0;
			defaultConfigurationName = Release;
		};
		041178BA2CA39AA200D3D9A6 /* Build configuration list for PBXNativeTarget "NewsApp" */ = {
			isa = XCConfigurationList;
			buildConfigurations = (
				041178BB2CA39AA200D3D9A6 /* Debug */,
				041178BC2CA39AA200D3D9A6 /* Release */,
			);
			defaultConfigurationIsVisible = 0;
			defaultConfigurationName = Release;
		};
		041178BD2CA39AA200D3D9A6 /* Build configuration list for PBXNativeTarget "NewsAppTests" */ = {
			isa = XCConfigurationList;
			buildConfigurations = (
				041178BE2CA39AA200D3D9A6 /* Debug */,
				041178BF2CA39AA200D3D9A6 /* Release */,
			);
			defaultConfigurationIsVisible = 0;
			defaultConfigurationName = Release;
		};
		041178C02CA39AA200D3D9A6 /* Build configuration list for PBXNativeTarget "NewsAppUITests" */ = {
			isa = XCConfigurationList;
			buildConfigurations = (
				041178C12CA39AA200D3D9A6 /* Debug */,
				041178C22CA39AA200D3D9A6 /* Release */,
			);
			defaultConfigurationIsVisible = 0;
			defaultConfigurationName = Release;
		};
/* End XCConfigurationList section */

/* Begin XCVersionGroup section */
		041178992CA39A9F00D3D9A6 /* NewsApp.xcdatamodeld */ = {
			isa = XCVersionGroup;
			children = (
				0411789A2CA39A9F00D3D9A6 /* NewsApp.xcdatamodel */,
			);
			currentVersion = 0411789A2CA39A9F00D3D9A6 /* NewsApp.xcdatamodel */;
			path = NewsApp.xcdatamodeld;
			sourceTree = "<group>";
			versionGroupType = wrapper.xcdatamodel;
		};
/* End XCVersionGroup section */
	};
	rootObject = 041178852CA39A9F00D3D9A6 /* Project object */;
}
